github.com/TwiN/go-color v1.1.0 h1:yhLAHgjp2iAxmNjDiVb6Z073NE65yoaPlcki1Q22yyQ=
github.com/TwiN/go-color v1.1.0/go.mod h1:aKVf4e1mD4ai2FtPifkDPP5iyoCwiK08YGzGwerjKo0=
github.com/go-sql-driver/mysql v1.6.0 h1:BCTh4TKNUYmOmMUcQ3IipzF5prigylS7XXjEkfCHuOE=
github.com/go-sql-driver/mysql v1.6.0/go.mod h1:DCzpHaOWr8IXmIStZouvnhqoel9Qv2LBy8hT2VhHyBg=
github.com/hako/durafmt v0.0.0-20210608085754-5c1018a4e16b h1:wDUNC2eKiL35DbLvsDhiblTUXHxcOPwQSCzi7xpQUN4=
github.com/hako/durafmt v0.0.0-20210608085754-5c1018a4e16b/go.mod h1:VzxiSdG6j1pi7rwGm/xYI5RbtpBgM8sARDXlvEvxlu0=
